{"format_version":"1.2","terraform_version":"1.10.3","planned_values":{"root_module":{"resources":[{"address":"aws_s3_bucket.public_bucket","mode":"managed","type":"aws_s3_bucket","name":"public_bucket","provider_name":"registry.terraform.io/hashicorp/aws","schema_version":0,"values":{"acl":"public-read","bucket":"my-public-bucket-example","force_destroy":false,"tags":null,"timeouts":null},"sensitive_values":{"cors_rule":[],"grant":[],"lifecycle_rule":[],"logging":[],"object_lock_configuration":[],"replication_configuration":[],"server_side_encryption_configuration":[],"tags_all":{},"versioning":[],"website":[]}},{"address":"aws_s3_bucket_object.another_example_object","mode":"managed","type":"aws_s3_bucket_object","name":"another_example_object","provider_name":"registry.terraform.io/hashicorp/aws","schema_version":0,"values":{"acl":"private","bucket":"my-public-bucket-example","cache_control":null,"content":"Another publicly accessible file!","content_base64":null,"content_disposition":null,"content_encoding":null,"content_language":null,"force_destroy":false,"key":"another_example.txt","metadata":null,"object_lock_legal_hold_status":null,"object_lock_mode":null,"object_lock_retain_until_date":null,"source":null,"source_hash":null,"tags":null,"website_redirect":null},"sensitive_values":{"tags_all":{}}},{"address":"aws_s3_bucket_object.example_object","mode":"managed","type":"aws_s3_bucket_object","name":"example_object","provider_name":"registry.terraform.io/hashicorp/aws","schema_version":0,"values":{"acl":"private","bucket":"my-public-bucket-example","cache_control":null,"content":"This is a publicly accessible file!","content_base64":null,"content_disposition":null,"content_encoding":null,"content_language":null,"force_destroy":false,"key":"example.txt","metadata":null,"object_lock_legal_hold_status":null,"object_lock_mode":null,"object_lock_retain_until_date":null,"source":null,"source_hash":null,"tags":null,"website_redirect":null},"sensitive_values":{"tags_all":{}}},{"address":"aws_s3_bucket_policy.public_policy","mode":"managed","type":"aws_s3_bucket_policy","name":"public_policy","provider_name":"registry.terraform.io/hashicorp/aws","schema_version":0,"values":{"bucket":"my-public-bucket-example"},"sensitive_values":{}}]}},"resource_changes":[{"address":"aws_s3_bucket.public_bucket","mode":"managed","type":"aws_s3_bucket","name":"public_bucket","provider_name":"registry.terraform.io/hashicorp/aws","change":{"actions":["create"],"before":null,"after":{"acl":"public-read","bucket":"my-public-bucket-example","force_destroy":false,"tags":null,"timeouts":null},"after_unknown":{"acceleration_status":true,"arn":true,"bucket_domain_name":true,"bucket_prefix":true,"bucket_regional_domain_name":true,"cors_rule":true,"grant":true,"hosted_zone_id":true,"id":true,"lifecycle_rule":true,"logging":true,"object_lock_configuration":true,"object_lock_enabled":true,"policy":true,"region":true,"replication_configuration":true,"request_payer":true,"server_side_encryption_configuration":true,"tags_all":true,"versioning":true,"website":true,"website_domain":true,"website_endpoint":true},"before_sensitive":false,"after_sensitive":{"cors_rule":[],"grant":[],"lifecycle_rule":[],"logging":[],"object_lock_configuration":[],"replication_configuration":[],"server_side_encryption_configuration":[],"tags_all":{},"versioning":[],"website":[]}}},{"address":"aws_s3_bucket_object.another_example_object","mode":"managed","type":"aws_s3_bucket_object","name":"another_example_object","provider_name":"registry.terraform.io/hashicorp/aws","change":{"actions":["create"],"before":null,"after":{"acl":"private","bucket":"my-public-bucket-example","cache_control":null,"content":"Another publicly accessible file!","content_base64":null,"content_disposition":null,"content_encoding":null,"content_language":null,"force_destroy":false,"key":"another_example.txt","metadata":null,"object_lock_legal_hold_status":null,"object_lock_mode":null,"object_lock_retain_until_date":null,"source":null,"source_hash":null,"tags":null,"website_redirect":null},"after_unknown":{"arn":true,"bucket_key_enabled":true,"content_type":true,"etag":true,"id":true,"kms_key_id":true,"server_side_encryption":true,"storage_class":true,"tags_all":true,"version_id":true},"before_sensitive":false,"after_sensitive":{"tags_all":{}}}},{"address":"aws_s3_bucket_object.example_object","mode":"managed","type":"aws_s3_bucket_object","name":"example_object","provider_name":"registry.terraform.io/hashicorp/aws","change":{"actions":["create"],"before":null,"after":{"acl":"private","bucket":"my-public-bucket-example","cache_control":null,"content":"This is a publicly accessible file!","content_base64":null,"content_disposition":null,"content_encoding":null,"content_language":null,"force_destroy":false,"key":"example.txt","metadata":null,"object_lock_legal_hold_status":null,"object_lock_mode":null,"object_lock_retain_until_date":null,"source":null,"source_hash":null,"tags":null,"website_redirect":null},"after_unknown":{"arn":true,"bucket_key_enabled":true,"content_type":true,"etag":true,"id":true,"kms_key_id":true,"server_side_encryption":true,"storage_class":true,"tags_all":true,"version_id":true},"before_sensitive":false,"after_sensitive":{"tags_all":{}}}},{"address":"aws_s3_bucket_policy.public_policy","mode":"managed","type":"aws_s3_bucket_policy","name":"public_policy","provider_name":"registry.terraform.io/hashicorp/aws","change":{"actions":["create"],"before":null,"after":{"bucket":"my-public-bucket-example"},"after_unknown":{"id":true,"policy":true},"before_sensitive":false,"after_sensitive":{}}}],"configuration":{"provider_config":{"aws":{"name":"aws","full_name":"registry.terraform.io/hashicorp/aws","expressions":{"region":{"constant_value":"us-east-1"}}}},"root_module":{"resources":[{"address":"aws_s3_bucket.public_bucket","mode":"managed","type":"aws_s3_bucket","name":"public_bucket","provider_config_key":"aws","expressions":{"acl":{"constant_value":"public-read"},"bucket":{"constant_value":"my-public-bucket-example"}},"schema_version":0},{"address":"aws_s3_bucket_object.another_example_object","mode":"managed","type":"aws_s3_bucket_object","name":"another_example_object","provider_config_key":"aws","expressions":{"bucket":{"references":["aws_s3_bucket.public_bucket.bucket","aws_s3_bucket.public_bucket"]},"content":{"constant_value":"Another publicly accessible file!"},"key":{"constant_value":"another_example.txt"}},"schema_version":0},{"address":"aws_s3_bucket_object.example_object","mode":"managed","type":"aws_s3_bucket_object","name":"example_object","provider_config_key":"aws","expressions":{"bucket":{"references":["aws_s3_bucket.public_bucket.bucket","aws_s3_bucket.public_bucket"]},"content":{"constant_value":"This is a publicly accessible file!"},"key":{"constant_value":"example.txt"}},"schema_version":0},{"address":"aws_s3_bucket_policy.public_policy","mode":"managed","type":"aws_s3_bucket_policy","name":"public_policy","provider_config_key":"aws","expressions":{"bucket":{"references":["aws_s3_bucket.public_bucket.bucket","aws_s3_bucket.public_bucket"]},"policy":{"references":["aws_s3_bucket.public_bucket.arn","aws_s3_bucket.public_bucket"]}},"schema_version":0}]}},"relevant_attributes":[{"resource":"aws_s3_bucket.public_bucket","attribute":["bucket"]},{"resource":"aws_s3_bucket.public_bucket","attribute":["arn"]}],"timestamp":"2025-01-07T21:38:50Z","applyable":true,"complete":true,"errored":false}
