{
  "name": "apiserver",
  "version": "1.0.0",
  "lockfileVersion": 3,
  "requires": true,
  "packages": {
    "": {
      "name": "apiserver",
      "version": "1.0.0",
      "license": "ISC",
      "dependencies": {
        "ws": "^8.12.1"
   
      },
      "devDependencies": {

      }
    },

    "node_modules/@types/cookie-parser": {
      "version": "1.4.3",
      "resolved": "https://registry.npmjs.org/@types/cookie-parser/-/cookie-parser-1.4.3.tgz",
      "integrity": "sha512-CqSKwFwefj4PzZ5n/iwad/bow2hTCh0FlNAeWLtQM3JA/NX/iYagIpWG2cf1bQKQ2c9gU2log5VUCrn7LDOs0w==",
      "dev": true,
      "dependencies": {
        "@types/express": "*"
      }
    }
  }
}
